{
  "name": "luminous",
  "version": "1.1.1",
  "lockfileVersion": 2,
  "requires": true,
  "packages": {
    "": {
      "name": "luminous",
      "version": "1.1.1",
      "license": "MIT",
      "devDependencies": {
        "chart.js": "^3.3.0",
        "chartjs-adapter-luxon": "^1.2.0",
        "chartjs-plugin-zoom": "^1.2.1",
        "flatpickr": "^4.6.9",
        "luxon": "^3.0.3",
        "tabulator-tables": "^5.4.3"
      }
    },
    "node_modules/chart.js": {
      "version": "3.9.1",
      "resolved": "https://registry.npmjs.org/chart.js/-/chart.js-3.9.1.tgz",
      "integrity": "sha512-Ro2JbLmvg83gXF5F4sniaQ+lTbSv18E+TIf2cOeiH1Iqd2PGFOtem+DUufMZsCJwFE7ywPOpfXFBwRTGq7dh6w==",
      "dev": true
    },
    "node_modules/chartjs-adapter-luxon": {
      "version": "1.2.0",
      "resolved": "https://registry.npmjs.org/chartjs-adapter-luxon/-/chartjs-adapter-luxon-1.2.0.tgz",
      "integrity": "sha512-h1lEns7+8cUN/Dmk24dhrT9hpAimKImQxzHpILqXn2kocdzj9b/fDlBa8v8/OMq5rq0uZEx/NV1WpByH4l2/Rw==",
      "dev": true,
      "peerDependencies": {
        "chart.js": "^3.0.0",
        "luxon": ">=1.0.0"
      }
    },
    "node_modules/chartjs-plugin-zoom": {
      "version": "1.2.1",
      "resolved": "https://registry.npmjs.org/chartjs-plugin-zoom/-/chartjs-plugin-zoom-1.2.1.tgz",
      "integrity": "sha512-2zbWvw2pljrtMLMXkKw1uxYzAne5PtjJiOZftcut4Lo3Ee8qUt95RpMKDWrZ+pBZxZKQKOD/etdU4pN2jxZUmg==",
      "dev": true,
      "dependencies": {
        "hammerjs": "^2.0.8"
      },
      "peerDependencies": {
        "chart.js": "^3.2.0"
      }
    },
    "node_modules/flatpickr": {
      "version": "4.6.13",
      "resolved": "https://registry.npmjs.org/flatpickr/-/flatpickr-4.6.13.tgz",
      "integrity": "sha512-97PMG/aywoYpB4IvbvUJi0RQi8vearvU0oov1WW3k0WZPBMrTQVqekSX5CjSG/M4Q3i6A/0FKXC7RyAoAUUSPw==",
      "dev": true
    },
    "node_modules/hammerjs": {
      "version": "2.0.8",
      "resolved": "https://registry.npmjs.org/hammerjs/-/hammerjs-2.0.8.tgz",
      "integrity": "sha512-tSQXBXS/MWQOn/RKckawJ61vvsDpCom87JgxiYdGwHdOa0ht0vzUWDlfioofFCRU0L+6NGDt6XzbgoJvZkMeRQ==",
      "dev": true,
      "engines": {
        "node": ">=0.8.0"
      }
    },
    "node_modules/luxon": {
      "version": "3.0.4",
      "resolved": "https://registry.npmjs.org/luxon/-/luxon-3.0.4.tgz",
      "integrity": "sha512-aV48rGUwP/Vydn8HT+5cdr26YYQiUZ42NM6ToMoaGKwYfWbfLeRkEu1wXWMHBZT6+KyLfcbbtVcoQFCbbPjKlw==",
      "dev": true,
      "engines": {
        "node": ">=12"
      }
    },
    "node_modules/tabulator-tables": {
      "version": "5.4.3",
      "resolved": "https://registry.npmjs.org/tabulator-tables/-/tabulator-tables-5.4.3.tgz",
      "integrity": "sha512-XnQcfwd2LzHWKAo8ZzUVglKaQnzn3wZwH48ouYr1dDbfUcQiU1ESJjVhmVxPMr9tf0oDcV6qPViEHinAi/tqbw==",
      "dev": true
    }
  },
  "dependencies": {
    "chart.js": {
      "version": "3.9.1",
      "resolved": "https://registry.npmjs.org/chart.js/-/chart.js-3.9.1.tgz",
      "integrity": "sha512-Ro2JbLmvg83gXF5F4sniaQ+lTbSv18E+TIf2cOeiH1Iqd2PGFOtem+DUufMZsCJwFE7ywPOpfXFBwRTGq7dh6w==",
      "dev": true
    },
    "chartjs-adapter-luxon": {
      "version": "1.2.0",
      "resolved": "https://registry.npmjs.org/chartjs-adapter-luxon/-/chartjs-adapter-luxon-1.2.0.tgz",
      "integrity": "sha512-h1lEns7+8cUN/Dmk24dhrT9hpAimKImQxzHpILqXn2kocdzj9b/fDlBa8v8/OMq5rq0uZEx/NV1WpByH4l2/Rw==",
      "dev": true,
      "requires": {}
    },
    "chartjs-plugin-zoom": {
      "version": "1.2.1",
      "resolved": "https://registry.npmjs.org/chartjs-plugin-zoom/-/chartjs-plugin-zoom-1.2.1.tgz",
      "integrity": "sha512-2zbWvw2pljrtMLMXkKw1uxYzAne5PtjJiOZftcut4Lo3Ee8qUt95RpMKDWrZ+pBZxZKQKOD/etdU4pN2jxZUmg==",
      "dev": true,
      "requires": {
        "hammerjs": "^2.0.8"
      }
    },
    "flatpickr": {
      "version": "4.6.13",
      "resolved": "https://registry.npmjs.org/flatpickr/-/flatpickr-4.6.13.tgz",
      "integrity": "sha512-97PMG/aywoYpB4IvbvUJi0RQi8vearvU0oov1WW3k0WZPBMrTQVqekSX5CjSG/M4Q3i6A/0FKXC7RyAoAUUSPw==",
      "dev": true
    },
    "hammerjs": {
      "version": "2.0.8",
      "resolved": "https://registry.npmjs.org/hammerjs/-/hammerjs-2.0.8.tgz",
      "integrity": "sha512-tSQXBXS/MWQOn/RKckawJ61vvsDpCom87JgxiYdGwHdOa0ht0vzUWDlfioofFCRU0L+6NGDt6XzbgoJvZkMeRQ==",
      "dev": true
    },
    "luxon": {
      "version": "3.0.4",
      "resolved": "https://registry.npmjs.org/luxon/-/luxon-3.0.4.tgz",
      "integrity": "sha512-aV48rGUwP/Vydn8HT+5cdr26YYQiUZ42NM6ToMoaGKwYfWbfLeRkEu1wXWMHBZT6+KyLfcbbtVcoQFCbbPjKlw==",
      "dev": true
    },
    "tabulator-tables": {
      "version": "5.4.3",
      "resolved": "https://registry.npmjs.org/tabulator-tables/-/tabulator-tables-5.4.3.tgz",
      "integrity": "sha512-XnQcfwd2LzHWKAo8ZzUVglKaQnzn3wZwH48ouYr1dDbfUcQiU1ESJjVhmVxPMr9tf0oDcV6qPViEHinAi/tqbw==",
      "dev": true
    }
  }
}
